// !$*UTF8*$!
{
	archiveVersion = 1;
	classes = {
	};
	objectVersion = 48;
	objects = {

/* Begin PBXBuildFile section */
		5C4F6A511FBC9380007753DA /* AppDelegate.swift in Sources */ = {isa = PBXBuildFile; fileRef = 5C4F6A501FBC9380007753DA /* AppDelegate.swift */; };
		5C4F6A531FBC9380007753DA /* ViewController.swift in Sources */ = {isa = PBXBuildFile; fileRef = 5C4F6A521FBC9380007753DA /* ViewController.swift */; };
		5C4F6A561FBC9380007753DA /* Main.storyboard in Resources */ = {isa = PBXBuildFile; fileRef = 5C4F6A541FBC9380007753DA /* Main.storyboard */; };
		5C4F6A581FBC9380007753DA /* Assets.xcassets in Resources */ = {isa = PBXBuildFile; fileRef = 5C4F6A571FBC9380007753DA /* Assets.xcassets */; };
		5C4F6A5B1FBC9380007753DA /* LaunchScreen.storyboard in Resources */ = {isa = PBXBuildFile; fileRef = 5C4F6A591FBC9380007753DA /* LaunchScreen.storyboard */; };
		5C4F6A661FBC9380007753DA /* Login_LogoutTests.swift in Sources */ = {isa = PBXBuildFile; fileRef = 5C4F6A651FBC9380007753DA /* Login_LogoutTests.swift */; };
		5C4F6A711FBC9380007753DA /* Login_LogoutUITests.swift in Sources */ = {isa = PBXBuildFile; fileRef = 5C4F6A701FBC9380007753DA /* Login_LogoutUITests.swift */; };
/* End PBXBuildFile section */

/* Begin PBXContainerItemProxy section */
		5C4F6A621FBC9380007753DA /* PBXContainerItemProxy */ = {
			isa = PBXContainerItemProxy;
			containerPortal = 5C4F6A451FBC9380007753DA /* Project object */;
			proxyType = 1;
			remoteGlobalIDString = 5C4F6A4C1FBC9380007753DA;
			remoteInfo = "Login-Logout";
		};
		5C4F6A6D1FBC9380007753DA /* PBXContainerItemProxy */ = {
			isa = PBXContainerItemProxy;
			containerPortal = 5C4F6A451FBC9380007753DA /* Project object */;
			proxyType = 1;
			remoteGlobalIDString = 5C4F6A4C1FBC9380007753DA;
			remoteInfo = "Login-Logout";
		};
/* End PBXContainerItemProxy section */

/* Begin PBXFileReference section */
		5C4F6A4D1FBC9380007753DA /* Login-Logout.app */ = {isa = PBXFileReference; explicitFileType = wrapper.application; includeInIndex = 0; path = "Login-Logout.app"; sourceTree = BUILT_PRODUCTS_DIR; };
		5C4F6A501FBC9380007753DA /* AppDelegate.swift */ = {isa = PBXFileReference; lastKnownFileType = sourcecode.swift; path = AppDelegate.swift; sourceTree = "<group>"; };
		5C4F6A521FBC9380007753DA /* ViewController.swift */ = {isa = PBXFileReference; lastKnownFileType = sourcecode.swift; path = ViewController.swift; sourceTree = "<group>"; };
		5C4F6A551FBC9380007753DA /* Base */ = {isa = PBXFileReference; lastKnownFileType = file.storyboard; name = Base; path = Base.lproj/Main.storyboard; sourceTree = "<group>"; };
		5C4F6A571FBC9380007753DA /* Assets.xcassets */ = {isa = PBXFileReference; lastKnownFileType = folder.assetcatalog; path = Assets.xcassets; sourceTree = "<group>"; };
		5C4F6A5A1FBC9380007753DA /* Base */ = {isa = PBXFileReference; lastKnownFileType = file.storyboard; name = Base; path = Base.lproj/LaunchScreen.storyboard; sourceTree = "<group>"; };
		5C4F6A5C1FBC9380007753DA /* Info.plist */ = {isa = PBXFileReference; lastKnownFileType = text.plist.xml; path = Info.plist; sourceTree = "<group>"; };
		5C4F6A611FBC9380007753DA /* Login-LogoutTests.xctest */ = {isa = PBXFileReference; explicitFileType = wrapper.cfbundle; includeInIndex = 0; path = "Login-LogoutTests.xctest"; sourceTree = BUILT_PRODUCTS_DIR; };
		5C4F6A651FBC9380007753DA /* Login_LogoutTests.swift */ = {isa = PBXFileReference; lastKnownFileType = sourcecode.swift; path = Login_LogoutTests.swift; sourceTree = "<group>"; };
		5C4F6A671FBC9380007753DA /* Info.plist */ = {isa = PBXFileReference; lastKnownFileType = text.plist.xml; path = Info.plist; sourceTree = "<group>"; };
		5C4F6A6C1FBC9380007753DA /* Login-LogoutUITests.xctest */ = {isa = PBXFileReference; explicitFileType = wrapper.cfbundle; includeInIndex = 0; path = "Login-LogoutUITests.xctest"; sourceTree = BUILT_PRODUCTS_DIR; };
		5C4F6A701FBC9380007753DA /* Login_LogoutUITests.swift */ = {isa = PBXFileReference; lastKnownFileType = sourcecode.swift; path = Login_LogoutUITests.swift; sourceTree = "<group>"; };
		5C4F6A721FBC9380007753DA /* Info.plist */ = {isa = PBXFileReference; lastKnownFileType = text.plist.xml; path = Info.plist; sourceTree = "<group>"; };
/* End PBXFileReference section */

/* Begin PBXFrameworksBuildPhase section */
		5C4F6A4A1FBC9380007753DA /* Frameworks */ = {
			isa = PBXFrameworksBuildPhase;
			buildActionMask = 2147483647;
			files = (
			);
			runOnlyForDeploymentPostprocessing = 0;
		};
		5C4F6A5E1FBC9380007753DA /* Frameworks */ = {
			isa = PBXFrameworksBuildPhase;
			buildActionMask = 2147483647;
			files = (
			);
			runOnlyForDeploymentPostprocessing = 0;
		};
		5C4F6A691FBC9380007753DA /* Frameworks */ = {
			isa = PBXFrameworksBuildPhase;
			buildActionMask = 2147483647;
			files = (
			);
			runOnlyForDeploymentPostprocessing = 0;
		};
/* End PBXFrameworksBuildPhase section */

/* Begin PBXGroup section */
		5C4F6A441FBC9380007753DA = {
			isa = PBXGroup;
			children = (
				5C4F6A4F1FBC9380007753DA /* Login-Logout */,
				5C4F6A641FBC9380007753DA /* Login-LogoutTests */,
				5C4F6A6F1FBC9380007753DA /* Login-LogoutUITests */,
				5C4F6A4E1FBC9380007753DA /* Products */,
			);
			sourceTree = "<group>";
		};
		5C4F6A4E1FBC9380007753DA /* Products */ = {
			isa = PBXGroup;
			children = (
				5C4F6A4D1FBC9380007753DA /* Login-Logout.app */,
				5C4F6A611FBC9380007753DA /* Login-LogoutTests.xctest */,
				5C4F6A6C1FBC9380007753DA /* Login-LogoutUITests.xctest */,
			);
			name = Products;
			sourceTree = "<group>";
		};
		5C4F6A4F1FBC9380007753DA /* Login-Logout */ = {
			isa = PBXGroup;
			children = (
				5C4F6A501FBC9380007753DA /* AppDelegate.swift */,
				5C4F6A521FBC9380007753DA /* ViewController.swift */,
				5C4F6A541FBC9380007753DA /* Main.storyboard */,
				5C4F6A571FBC9380007753DA /* Assets.xcassets */,
				5C4F6A591FBC9380007753DA /* LaunchScreen.storyboard */,
				5C4F6A5C1FBC9380007753DA /* Info.plist */,
			);
			path = "Login-Logout";
			sourceTree = "<group>";
		};
		5C4F6A641FBC9380007753DA /* Login-LogoutTests */ = {
			isa = PBXGroup;
			children = (
				5C4F6A651FBC9380007753DA /* Login_LogoutTests.swift */,
				5C4F6A671FBC9380007753DA /* Info.plist */,
			);
			path = "Login-LogoutTests";
			sourceTree = "<group>";
		};
		5C4F6A6F1FBC9380007753DA /* Login-LogoutUITests */ = {
			isa = PBXGroup;
			children = (
				5C4F6A701FBC9380007753DA /* Login_LogoutUITests.swift */,
				5C4F6A721FBC9380007753DA /* Info.plist */,
			);
			path = "Login-LogoutUITests";
			sourceTree = "<group>";
		};
/* End PBXGroup section */

/* Begin PBXNativeTarget section */
		5C4F6A4C1FBC9380007753DA /* Login-Logout */ = {
			isa = PBXNativeTarget;
			buildConfigurationList = 5C4F6A751FBC9380007753DA /* Build configuration list for PBXNativeTarget "Login-Logout" */;
			buildPhases = (
				5C4F6A491FBC9380007753DA /* Sources */,
				5C4F6A4A1FBC9380007753DA /* Frameworks */,
				5C4F6A4B1FBC9380007753DA /* Resources */,
			);
			buildRules = (
			);
			dependencies = (
			);
			name = "Login-Logout";
			productName = "Login-Logout";
			productReference = 5C4F6A4D1FBC9380007753DA /* Login-Logout.app */;
			productType = "com.apple.product-type.application";
		};
		5C4F6A601FBC9380007753DA /* Login-LogoutTests */ = {
			isa = PBXNativeTarget;
			buildConfigurationList = 5C4F6A781FBC9380007753DA /* Build configuration list for PBXNativeTarget "Login-LogoutTests" */;
			buildPhases = (
				5C4F6A5D1FBC9380007753DA /* Sources */,
				5C4F6A5E1FBC9380007753DA /* Frameworks */,
				5C4F6A5F1FBC9380007753DA /* Resources */,
			);
			buildRules = (
			);
			dependencies = (
				5C4F6A631FBC9380007753DA /* PBXTargetDependency */,
			);
			name = "Login-LogoutTests";
			productName = "Login-LogoutTests";
			productReference = 5C4F6A611FBC9380007753DA /* Login-LogoutTests.xctest */;
			productType = "com.apple.product-type.bundle.unit-test";
		};
		5C4F6A6B1FBC9380007753DA /* Login-LogoutUITests */ = {
			isa = PBXNativeTarget;
			buildConfigurationList = 5C4F6A7B1FBC9380007753DA /* Build configuration list for PBXNativeTarget "Login-LogoutUITests" */;
			buildPhases = (
				5C4F6A681FBC9380007753DA /* Sources */,
				5C4F6A691FBC9380007753DA /* Frameworks */,
				5C4F6A6A1FBC9380007753DA /* Resources */,
			);
			buildRules = (
			);
			dependencies = (
				5C4F6A6E1FBC9380007753DA /* PBXTargetDependency */,
			);
			name = "Login-LogoutUITests";
			productName = "Login-LogoutUITests";
			productReference = 5C4F6A6C1FBC9380007753DA /* Login-LogoutUITests.xctest */;
			productType = "com.apple.product-type.bundle.ui-testing";
		};
/* End PBXNativeTarget section */

/* Begin PBXProject section */
		5C4F6A451FBC9380007753DA /* Project object */ = {
			isa = PBXProject;
			attributes = {
				LastSwiftUpdateCheck = 0910;
				LastUpgradeCheck = 0910;
				ORGANIZATIONNAME = "Fernando García Fernández";
				TargetAttributes = {
					5C4F6A4C1FBC9380007753DA = {
						CreatedOnToolsVersion = 9.1;
						ProvisioningStyle = Automatic;
					};
					5C4F6A601FBC9380007753DA = {
						CreatedOnToolsVersion = 9.1;
						ProvisioningStyle = Automatic;
						TestTargetID = 5C4F6A4C1FBC9380007753DA;
					};
					5C4F6A6B1FBC9380007753DA = {
						CreatedOnToolsVersion = 9.1;
						ProvisioningStyle = Automatic;
						TestTargetID = 5C4F6A4C1FBC9380007753DA;
					};
				};
			};
			buildConfigurationList = 5C4F6A481FBC9380007753DA /* Build configuration list for PBXProject "Login-Logout" */;
			compatibilityVersion = "Xcode 8.0";
			developmentRegion = en;
			hasScannedForEncodings = 0;
			knownRegions = (
				en,
				Base,
			);
			mainGroup = 5C4F6A441FBC9380007753DA;
			productRefGroup = 5C4F6A4E1FBC9380007753DA /* Products */;
			projectDirPath = "";
			projectRoot = "";
			targets = (
				5C4F6A4C1FBC9380007753DA /* Login-Logout */,
				5C4F6A601FBC9380007753DA /* Login-LogoutTests */,
				5C4F6A6B1FBC9380007753DA /* Login-LogoutUITests */,
			);
		};
/* End PBXProject section */

/* Begin PBXResourcesBuildPhase section */
		5C4F6A4B1FBC9380007753DA /* Resources */ = {
			isa = PBXResourcesBuildPhase;
			buildActionMask = 2147483647;
			files = (
				5C4F6A5B1FBC9380007753DA /* LaunchScreen.storyboard in Resources */,
				5C4F6A581FBC9380007753DA /* Assets.xcassets in Resources */,
				5C4F6A561FBC9380007753DA /* Main.storyboard in Resources */,
			);
			runOnlyForDeploymentPostprocessing = 0;
		};
		5C4F6A5F1FBC9380007753DA /* Resources */ = {
			isa = PBXResourcesBuildPhase;
			buildActionMask = 2147483647;
			files = (
			);
			runOnlyForDeploymentPostprocessing = 0;
		};
		5C4F6A6A1FBC9380007753DA /* Resources */ = {
			isa = PBXResourcesBuildPhase;
			buildActionMask = 2147483647;
			files = (
			);
			runOnlyForDeploymentPostprocessing = 0;
		};
/* End PBXResourcesBuildPhase section */

/* Begin PBXSourcesBuildPhase section */
		5C4F6A491FBC9380007753DA /* Sources */ = {
			isa = PBXSourcesBuildPhase;
			buildActionMask = 2147483647;
			files = (
				5C4F6A531FBC9380007753DA /* ViewController.swift in Sources */,
				5C4F6A511FBC9380007753DA /* AppDelegate.swift in Sources */,
			);
			runOnlyForDeploymentPostprocessing = 0;
		};
		5C4F6A5D1FBC9380007753DA /* Sources */ = {
			isa = PBXSourcesBuildPhase;
			buildActionMask = 2147483647;
			files = (
				5C4F6A661FBC9380007753DA /* Login_LogoutTests.swift in Sources */,
			);
			runOnlyForDeploymentPostprocessing = 0;
		};
		5C4F6A681FBC9380007753DA /* Sources */ = {
			isa = PBXSourcesBuildPhase;
			buildActionMask = 2147483647;
			files = (
				5C4F6A711FBC9380007753DA /* Login_LogoutUITests.swift in Sources */,
			);
			runOnlyForDeploymentPostprocessing = 0;
		};
/* End PBXSourcesBuildPhase section */

/* Begin PBXTargetDependency section */
		5C4F6A631FBC9380007753DA /* PBXTargetDependency */ = {
			isa = PBXTargetDependency;
			target = 5C4F6A4C1FBC9380007753DA /* Login-Logout */;
			targetProxy = 5C4F6A621FBC9380007753DA /* PBXContainerItemProxy */;
		};
		5C4F6A6E1FBC9380007753DA /* PBXTargetDependency */ = {
			isa = PBXTargetDependency;
			target = 5C4F6A4C1FBC9380007753DA /* Login-Logout */;
			targetProxy = 5C4F6A6D1FBC9380007753DA /* PBXContainerItemProxy */;
		};
/* End PBXTargetDependency section */

/* Begin PBXVariantGroup section */
		5C4F6A541FBC9380007753DA /* Main.storyboard */ = {
			isa = PBXVariantGroup;
			children = (
				5C4F6A551FBC9380007753DA /* Base */,
			);
			name = Main.storyboard;
			sourceTree = "<group>";
		};
		5C4F6A591FBC9380007753DA /* LaunchScreen.storyboard */ = {
			isa = PBXVariantGroup;
			children = (
				5C4F6A5A1FBC9380007753DA /* Base */,
			);
			name = LaunchScreen.storyboard;
			sourceTree = "<group>";
		};
/* End PBXVariantGroup section */

/* Begin XCBuildConfiguration section */
		5C4F6A731FBC9380007753DA /* Debug */ = {
			isa = XCBuildConfiguration;
			buildSettings = {
				ALWAYS_SEARCH_USER_PATHS = NO;
				CLANG_ANALYZER_NONNULL = YES;
				CLANG_ANALYZER_NUMBER_OBJECT_CONVERSION = YES_AGGRESSIVE;
				CLANG_CXX_LANGUAGE_STANDARD = "gnu++14";
				CLANG_CXX_LIBRARY = "libc++";
				CLANG_ENABLE_MODULES = YES;
				CLANG_ENABLE_OBJC_ARC = YES;
				CLANG_WARN_BLOCK_CAPTURE_AUTORELEASING = YES;
				CLANG_WARN_BOOL_CONVERSION = YES;
				CLANG_WARN_COMMA = YES;
				CLANG_WARN_CONSTANT_CONVERSION = YES;
				CLANG_WARN_DIRECT_OBJC_ISA_USAGE = YES_ERROR;
				CLANG_WARN_DOCUMENTATION_COMMENTS = YES;
				CLANG_WARN_EMPTY_BODY = YES;
				CLANG_WARN_ENUM_CONVERSION = YES;
				CLANG_WARN_INFINITE_RECURSION = YES;
				CLANG_WARN_INT_CONVERSION = YES;
				CLANG_WARN_NON_LITERAL_NULL_CONVERSION = YES;
				CLANG_WARN_OBJC_LITERAL_CONVERSION = YES;
				CLANG_WARN_OBJC_ROOT_CLASS = YES_ERROR;
				CLANG_WARN_RANGE_LOOP_ANALYSIS = YES;
				CLANG_WARN_STRICT_PROTOTYPES = YES;
				CLANG_WARN_SUSPICIOUS_MOVE = YES;
				CLANG_WARN_UNGUARDED_AVAILABILITY = YES_AGGRESSIVE;
				CLANG_WARN_UNREACHABLE_CODE = YES;
				CLANG_WARN__DUPLICATE_METHOD_MATCH = YES;
				CODE_SIGN_IDENTITY = "iPhone Developer";
				COPY_PHASE_STRIP = NO;
				DEBUG_INFORMATION_FORMAT = dwarf;
				ENABLE_STRICT_OBJC_MSGSEND = YES;
				ENABLE_TESTABILITY = YES;
				GCC_C_LANGUAGE_STANDARD = gnu11;
				GCC_DYNAMIC_NO_PIC = NO;
				GCC_NO_COMMON_BLOCKS = YES;
				GCC_OPTIMIZATION_LEVEL = 0;
				GCC_PREPROCESSOR_DEFINITIONS = (
					"DEBUG=1",
					"$(inherited)",
				);
				GCC_WARN_64_TO_32_BIT_CONVERSION = YES;
				GCC_WARN_ABOUT_RETURN_TYPE = YES_ERROR;
				GCC_WARN_UNDECLARED_SELECTOR = YES;
				GCC_WARN_UNINITIALIZED_AUTOS = YES_AGGRESSIVE;
				GCC_WARN_UNUSED_FUNCTION = YES;
				GCC_WARN_UNUSED_VARIABLE = YES;
				IPHONEOS_DEPLOYMENT_TARGET = 11.1;
				MTL_ENABLE_DEBUG_INFO = YES;
				ONLY_ACTIVE_ARCH = YES;
				SDKROOT = iphoneos;
				SWIFT_ACTIVE_COMPILATION_CONDITIONS = DEBUG;
				SWIFT_OPTIMIZATION_LEVEL = "-Onone";
			};
			name = Debug;
		};
		5C4F6A741FBC9380007753DA /* Release */ = {
			isa = XCBuildConfiguration;
			buildSettings = {
				ALWAYS_SEARCH_USER_PATHS = NO;
				CLANG_ANALYZER_NONNULL = YES;
				CLANG_ANALYZER_NUMBER_OBJECT_CONVERSION = YES_AGGRESSIVE;
				CLANG_CXX_LANGUAGE_STANDARD = "gnu++14";
				CLANG_CXX_LIBRARY = "libc++";
				CLANG_ENABLE_MODULES = YES;
				CLANG_ENABLE_OBJC_ARC = YES;
				CLANG_WARN_BLOCK_CAPTURE_AUTORELEASING = YES;
				CLANG_WARN_BOOL_CONVERSION = YES;
				CLANG_WARN_COMMA = YES;
				CLANG_WARN_CONSTANT_CONVERSION = YES;
				CLANG_WARN_DIRECT_OBJC_ISA_USAGE = YES_ERROR;
				CLANG_WARN_DOCUMENTATION_COMMENTS = YES;
				CLANG_WARN_EMPTY_BODY = YES;
				CLANG_WARN_ENUM_CONVERSION = YES;
				CLANG_WARN_INFINITE_RECURSION = YES;
				CLANG_WARN_INT_CONVERSION = YES;
				CLANG_WARN_NON_LITERAL_NULL_CONVERSION = YES;
				CLANG_WARN_OBJC_LITERAL_CONVERSION = YES;
				CLANG_WARN_OBJC_ROOT_CLASS = YES_ERROR;
				CLANG_WARN_RANGE_LOOP_ANALYSIS = YES;
				CLANG_WARN_STRICT_PROTOTYPES = YES;
				CLANG_WARN_SUSPICIOUS_MOVE = YES;
				CLANG_WARN_UNGUARDED_AVAILABILITY = YES_AGGRESSIVE;
				CLANG_WARN_UNREACHABLE_CODE = YES;
				CLANG_WARN__DUPLICATE_METHOD_MATCH = YES;
				CODE_SIGN_IDENTITY = "iPhone Developer";
				COPY_PHASE_STRIP = NO;
				DEBUG_INFORMATION_FORMAT = "dwarf-with-dsym";
				ENABLE_NS_ASSERTIONS = NO;
				ENABLE_STRICT_OBJC_MSGSEND = YES;
				GCC_C_LANGUAGE_STANDARD = gnu11;
				GCC_NO_COMMON_BLOCKS = YES;
				GCC_WARN_64_TO_32_BIT_CONVERSION = YES;
				GCC_WARN_ABOUT_RETURN_TYPE = YES_ERROR;
				GCC_WARN_UNDECLARED_SELECTOR = YES;
				GCC_WARN_UNINITIALIZED_AUTOS = YES_AGGRESSIVE;
				GCC_WARN_UNUSED_FUNCTION = YES;
				GCC_WARN_UNUSED_VARIABLE = YES;
				IPHONEOS_DEPLOYMENT_TARGET = 11.1;
				MTL_ENABLE_DEBUG_INFO = NO;
				SDKROOT = iphoneos;
				SWIFT_OPTIMIZATION_LEVEL = "-Owholemodule";
				VALIDATE_PRODUCT = YES;
			};
			name = Release;
		};
		5C4F6A761FBC9380007753DA /* Debug */ = {
			isa = XCBuildConfiguration;
			buildSettings = {
				ASSETCATALOG_COMPILER_APPICON_NAME = AppIcon;
				CODE_SIGN_STYLE = Automatic;
				INFOPLIST_FILE = "Login-Logout/Info.plist";
				LD_RUNPATH_SEARCH_PATHS = "$(inherited) @executable_path/Frameworks";
				PRODUCT_BUNDLE_IDENTIFIER = "com.fgfer.Login-Logout";
				PRODUCT_NAME = "$(TARGET_NAME)";
				SWIFT_VERSION = 4.0;
				TARGETED_DEVICE_FAMILY = "1,2";
			};
			name = Debug;
		};
		5C4F6A771FBC9380007753DA /* Release */ = {
			isa = XCBuildConfiguration;
			buildSettings = {
				ASSETCATALOG_COMPILER_APPICON_NAME = AppIcon;
				CODE_SIGN_STYLE = Automatic;
				INFOPLIST_FILE = "Login-Logout/Info.plist";
				LD_RUNPATH_SEARCH_PATHS = "$(inherited) @executable_path/Frameworks";
				PRODUCT_BUNDLE_IDENTIFIER = "com.fgfer.Login-Logout";
				PRODUCT_NAME = "$(TARGET_NAME)";
				SWIFT_VERSION = 4.0;
				TARGETED_DEVICE_FAMILY = "1,2";
			};
			name = Release;
		};
		5C4F6A791FBC9380007753DA /* Debug */ = {
			isa = XCBuildConfiguration;
			buildSettings = {
				ALWAYS_EMBED_SWIFT_STANDARD_LIBRARIES = YES;
				BUNDLE_LOADER = "$(TEST_HOST)";
				CODE_SIGN_STYLE = Automatic;
				INFOPLIST_FILE = "Login-LogoutTests/Info.plist";
				LD_RUNPATH_SEARCH_PATHS = "$(inherited) @executable_path/Frameworks @loader_path/Frameworks";
				PRODUCT_BUNDLE_IDENTIFIER = "com.fgfer.Login-LogoutTests";
				PRODUCT_NAME = "$(TARGET_NAME)";
				SWIFT_VERSION = 4.0;
				TARGETED_DEVICE_FAMILY = "1,2";
				TEST_HOST = "$(BUILT_PRODUCTS_DIR)/Login-Logout.app/Login-Logout";
			};
			name = Debug;
		};
		5C4F6A7A1FBC9380007753DA /* Release */ = {
			isa = XCBuildConfiguration;
			buildSettings = {
				ALWAYS_EMBED_SWIFT_STANDARD_LIBRARIES = YES;
				BUNDLE_LOADER = "$(TEST_HOST)";
				CODE_SIGN_STYLE = Automatic;
				INFOPLIST_FILE = "Login-LogoutTests/Info.plist";
				LD_RUNPATH_SEARCH_PATHS = "$(inherited) @executable_path/Frameworks @loader_path/Frameworks";
				PRODUCT_BUNDLE_IDENTIFIER = "com.fgfer.Login-LogoutTests";
				PRODUCT_NAME = "$(TARGET_NAME)";
				SWIFT_VERSION = 4.0;
				TARGETED_DEVICE_FAMILY = "1,2";
				TEST_HOST = "$(BUILT_PRODUCTS_DIR)/Login-Logout.app/Login-Logout";
			};
			name = Release;
		};
		5C4F6A7C1FBC9380007753DA /* Debug */ = {
			isa = XCBuildConfiguration;
			buildSettings = {
				ALWAYS_EMBED_SWIFT_STANDARD_LIBRARIES = YES;
				CODE_SIGN_STYLE = Automatic;
				INFOPLIST_FILE = "Login-LogoutUITests/Info.plist";
				LD_RUNPATH_SEARCH_PATHS = "$(inherited) @executable_path/Frameworks @loader_path/Frameworks";
				PRODUCT_BUNDLE_IDENTIFIER = "com.fgfer.Login-LogoutUITests";
				PRODUCT_NAME = "$(TARGET_NAME)";
				SWIFT_VERSION = 4.0;
				TARGETED_DEVICE_FAMILY = "1,2";
				TEST_TARGET_NAME = "Login-Logout";
			};
			name = Debug;
		};
		5C4F6A7D1FBC9380007753DA /* Release */ = {
			isa = XCBuildConfiguration;
			buildSettings = {
				ALWAYS_EMBED_SWIFT_STANDARD_LIBRARIES = YES;
				CODE_SIGN_STYLE = Automatic;
				INFOPLIST_FILE = "Login-LogoutUITests/Info.plist";
				LD_RUNPATH_SEARCH_PATHS = "$(inherited) @executable_path/Frameworks @loader_path/Frameworks";
				PRODUCT_BUNDLE_IDENTIFIER = "com.fgfer.Login-LogoutUITests";
				PRODUCT_NAME = "$(TARGET_NAME)";
				SWIFT_VERSION = 4.0;
				TARGETED_DEVICE_FAMILY = "1,2";
				TEST_TARGET_NAME = "Login-Logout";
			};
			name = Release;
		};
/* End XCBuildConfiguration section */

/* Begin XCConfigurationList section */
		5C4F6A481FBC9380007753DA /* Build configuration list for PBXProject "Login-Logout" */ = {
			isa = XCConfigurationList;
			buildConfigurations = (
				5C4F6A731FBC9380007753DA /* Debug */,
				5C4F6A741FBC9380007753DA /* Release */,
			);
			defaultConfigurationIsVisible = 0;
			defaultConfigurationName = Release;
		};
		5C4F6A751FBC9380007753DA /* Build configuration list for PBXNativeTarget "Login-Logout" */ = {
			isa = XCConfigurationList;
			buildConfigurations = (
				5C4F6A761FBC9380007753DA /* Debug */,
				5C4F6A771FBC9380007753DA /* Release */,
			);
			defaultConfigurationIsVisible = 0;
			defaultConfigurationName = Release;
		};
		5C4F6A781FBC9380007753DA /* Build configuration list for PBXNativeTarget "Login-LogoutTests" */ = {
			isa = XCConfigurationList;
			buildConfigurations = (
				5C4F6A791FBC9380007753DA /* Debug */,
				5C4F6A7A1FBC9380007753DA /* Release */,
			);
			defaultConfigurationIsVisible = 0;
			defaultConfigurationName = Release;
		};
		5C4F6A7B1FBC9380007753DA /* Build configuration list for PBXNativeTarget "Login-LogoutUITests" */ = {
			isa = XCConfigurationList;
			buildConfigurations = (
				5C4F6A7C1FBC9380007753DA /* Debug */,
				5C4F6A7D1FBC9380007753DA /* Release */,
			);
			defaultConfigurationIsVisible = 0;
			defaultConfigurationName = Release;
		};
/* End XCConfigurationList section */
	};
	rootObject = 5C4F6A451FBC9380007753DA /* Project object */;
}
